
Microsoft Visual Studio Solution File, Format Version 12.00
# Visual Studio 14
VisualStudioVersion = 14.0.25420.1
MinimumVisualStudioVersion = 10.0.40219.1
Project("{8BC9CEB8-8B4A-11D0-8D11-00A0C91BC942}") = "microhttpdlib", "microhttpdlib.vcxproj", "{F2E5502F-1643-4FA5-AACB-87F05F0E9868}"
EndProject
Project("{8BC9CEB8-8B4A-11D0-8D11-00A0C91BC942}") = "daemon_test", "daemon_test.vcxproj", "{0F410719-D021-4D5C-BDD9-3CBD1D41B9F6}"
EndProject
Project("{8BC9CEB8-8B4A-11D0-8D11-00A0C91BC942}") = "postprocessor_test", "postprocessor_test.vcxproj", "{DB355FC1-3D36-4FE6-AFED-E4343E7A0943}"
EndProject
Project("{8BC9CEB8-8B4A-11D0-8D11-00A0C91BC942}") = "postprocessor_large_test", "postprocessor_large_test.vcxproj", "{5267BB6D-8FBB-49A9-8135-5A811109E098}"
EndProject
Project("{2150E333-8FDC-42A3-9474-1A3956D46DE8}") = "tests", "tests", "{6B3347D2-2700-4AEA-A463-B4ADF2FB8686}"
EndProject
Project("{8BC9CEB8-8B4A-11D0-8D11-00A0C91BC942}") = "hellobrowser", "hellobrowser.vcxproj", "{2F77EC73-E6DA-4D32-9A4A-3160B7CD9D7D}"
EndProject
Project("{2150E333-8FDC-42A3-9474-1A3956D46DE8}") = "examples", "examples", "{93D826BF-8332-49C6-BA84-EE5CB9972095}"
EndProject
Project("{8BC9CEB8-8B4A-11D0-8D11-00A0C91BC942}") = "microhttpddll", "microhttpddll.vcxproj", "{AC9B29D7-00D6-46EC-A193-CDAD55ED568F}"
EndProject
Global
	GlobalSection(SolutionConfigurationPlatforms) = preSolution
		Debug|x64 = Debug|x64
		Debug|x86 = Debug|x86
		Release|x64 = Release|x64
		Release|x86 = Release|x86
	EndGlobalSection
	GlobalSection(ProjectConfigurationPlatforms) = postSolution
		{F2E5502F-1643-4FA5-AACB-87F05F0E9868}.Debug|x64.ActiveCfg = Debug|x64
		{F2E5502F-1643-4FA5-AACB-87F05F0E9868}.Debug|x64.Build.0 = Debug|x64
		{F2E5502F-1643-4FA5-AACB-87F05F0E9868}.Debug|x86.ActiveCfg = Debug|Win32
		{F2E5502F-1643-4FA5-AACB-87F05F0E9868}.Debug|x86.Build.0 = Debug|Win32
		{F2E5502F-1643-4FA5-AACB-87F05F0E9868}.Release|x64.ActiveCfg = Release|x64
		{F2E5502F-1643-4FA5-AACB-87F05F0E9868}.Release|x64.Build.0 = Release|x64
		{F2E5502F-1643-4FA5-AACB-87F05F0E9868}.Release|x86.ActiveCfg = Release|Win32
		{F2E5502F-1643-4FA5-AACB-87F05F0E9868}.Release|x86.Build.0 = Release|Win32
		{0F410719-D021-4D5C-BDD9-3CBD1D41B9F6}.Debug|x64.ActiveCfg = Debug|x64
		{0F410719-D021-4D5C-BDD9-3CBD1D41B9F6}.Debug|x64.Build.0 = Debug|x64
		{0F410719-D021-4D5C-BDD9-3CBD1D41B9F6}.Debug|x86.ActiveCfg = Debug|Win32
		{0F410719-D021-4D5C-BDD9-3CBD1D41B9F6}.Debug|x86.Build.0 = Debug|Win32
		{0F410719-D021-4D5C-BDD9-3CBD1D41B9F6}.Release|x64.ActiveCfg = Release|x64
		{0F410719-D021-4D5C-BDD9-3CBD1D41B9F6}.Release|x64.Build.0 = Release|x64
		{0F410719-D021-4D5C-BDD9-3CBD1D41B9F6}.Release|x86.ActiveCfg = Release|Win32
		{0F410719-D021-4D5C-BDD9-3CBD1D41B9F6}.Release|x86.Build.0 = Release|Win32
		{DB355FC1-3D36-4FE6-AFED-E4343E7A0943}.Debug|x64.ActiveCfg = Debug|x64
		{DB355FC1-3D36-4FE6-AFED-E4343E7A0943}.Debug|x64.Build.0 = Debug|x64
		{DB355FC1-3D36-4FE6-AFED-E4343E7A0943}.Debug|x86.ActiveCfg = Debug|Win32
		{DB355FC1-3D36-4FE6-AFED-E4343E7A0943}.Debug|x86.Build.0 = Debug|Win32
		{DB355FC1-3D36-4FE6-AFED-E4343E7A0943}.Release|x64.ActiveCfg = Release|x64
		{DB355FC1-3D36-4FE6-AFED-E4343E7A0943}.Release|x64.Build.0 = Release|x64
		{DB355FC1-3D36-4FE6-AFED-E4343E7A0943}.Release|x86.ActiveCfg = Release|Win32
		{DB355FC1-3D36-4FE6-AFED-E4343E7A0943}.Release|x86.Build.0 = Release|Win32
		{5267BB6D-8FBB-49A9-8135-5A811109E098}.Debug|x64.ActiveCfg = Debug|x64
		{5267BB6D-8FBB-49A9-8135-5A811109E098}.Debug|x64.Build.0 = Debug|x64
		{5267BB6D-8FBB-49A9-8135-5A811109E098}.Debug|x86.ActiveCfg = Debug|Win32
		{5267BB6D-8FBB-49A9-8135-5A811109E098}.Debug|x86.Build.0 = Debug|Win32
		{5267BB6D-8FBB-49A9-8135-5A811109E098}.Release|x64.ActiveCfg = Release|x64
		{5267BB6D-8FBB-49A9-8135-5A811109E098}.Release|x64.Build.0 = Release|x64
		{5267BB6D-8FBB-49A9-8135-5A811109E098}.Release|x86.ActiveCfg = Release|Win32
		{5267BB6D-8FBB-49A9-8135-5A811109E098}.Release|x86.Build.0 = Release|Win32
		{2F77EC73-E6DA-4D32-9A4A-3160B7CD9D7D}.Debug|x64.ActiveCfg = Debug|x64
		{2F77EC73-E6DA-4D32-9A4A-3160B7CD9D7D}.Debug|x64.Build.0 = Debug|x64
		{2F77EC73-E6DA-4D32-9A4A-3160B7CD9D7D}.Debug|x86.ActiveCfg = Debug|Win32
		{2F77EC73-E6DA-4D32-9A4A-3160B7CD9D7D}.Debug|x86.Build.0 = Debug|Win32
		{2F77EC73-E6DA-4D32-9A4A-3160B7CD9D7D}.Release|x64.ActiveCfg = Release|x64
		{2F77EC73-E6DA-4D32-9A4A-3160B7CD9D7D}.Release|x64.Build.0 = Release|x64
		{2F77EC73-E6DA-4D32-9A4A-3160B7CD9D7D}.Release|x86.ActiveCfg = Release|Win32
		{2F77EC73-E6DA-4D32-9A4A-3160B7CD9D7D}.Release|x86.Build.0 = Release|Win32
		{AC9B29D7-00D6-46EC-A193-CDAD55ED568F}.Debug|x64.ActiveCfg = Debug|x64
		{AC9B29D7-00D6-46EC-A193-CDAD55ED568F}.Debug|x64.Build.0 = Debug|x64
		{AC9B29D7-00D6-46EC-A193-CDAD55ED568F}.Debug|x86.ActiveCfg = Debug|Win32
		{AC9B29D7-00D6-46EC-A193-CDAD55ED568F}.Debug|x86.Build.0 = Debug|Win32
		{AC9B29D7-00D6-46EC-A193-CDAD55ED568F}.Release|x64.ActiveCfg = Release|x64
		{AC9B29D7-00D6-46EC-A193-CDAD55ED568F}.Release|x64.Build.0 = Release|x64
		{AC9B29D7-00D6-46EC-A193-CDAD55ED568F}.Release|x86.ActiveCfg = Release|Win32
		{AC9B29D7-00D6-46EC-A193-CDAD55ED568F}.Release|x86.Build.0 = Release|Win32
	EndGlobalSection
	GlobalSection(SolutionProperties) = preSolution
		HideSolutionNode = FALSE
	EndGlobalSection
	GlobalSection(NestedProjects) = preSolution
		{0F410719-D021-4D5C-BDD9-3CBD1D41B9F6} = {6B3347D2-2700-4AEA-A463-B4ADF2FB8686}
		{DB355FC1-3D36-4FE6-AFED-E4343E7A0943} = {6B3347D2-2700-4AEA-A463-B4ADF2FB8686}
		{5267BB6D-8FBB-49A9-8135-5A811109E098} = {6B3347D2-2700-4AEA-A463-B4ADF2FB8686}
		{2F77EC73-E6DA-4D32-9A4A-3160B7CD9D7D} = {93D826BF-8332-49C6-BA84-EE5CB9972095}
	EndGlobalSection
EndGlobal
